# This file is automatically @generated by Cargo.
# It is not intended for manual editing.
version = 4

[[package]]
name = "anyhow"
version = "1.0.104"
source = "registry+https://github.com/rust-lang/crates.io-index"
checksum = "330a5ed07fa54e4702c9d6c4174f74427fc0ef6e214bbd677ae50a5099946470"

[[package]]
name = "ex_00_02_a"
version = "0.1.0"

[[package]]
name = "ex_00_02_b"
version = "0.1.0"

[[package]]
name = "ex_00_03_a"
version = "0.1.0"

[[package]]
name = "ex_00_04_a"
version = "0.1.0"

[[package]]
name = "ex_01_01_a"
version = "0.1.0"

[[package]]
name = "ex_01_01_b"
version = "0.1.0"

[[package]]
name = "ex_01_02_a"
version = "0.1.0"

[[package]]
name = "ex_01_03_a"
version = "0.1.0"

[[package]]
name = "ex_01_03_b"
version = "0.1.0"

[[package]]
name = "ex_01_03_c"
version = "0.1.0"

[[package]]
name = "ex_01_04_a"
version = "0.1.0"

[[package]]
name = "ex_01_04_b"
version = "0.1.0"

[[package]]
name = "ex_01_05_a"
version = "0.1.0"

[[package]]
name = "ex_01_05_b"
version = "0.1.0"

[[package]]
name = "ex_01_05_c"
version = "0.1.0"

[[package]]
name = "ex_01_06_a"
version = "0.1.0"

[[package]]
name = "ex_02_01_a"
version = "0.1.0"

[[package]]
name = "ex_02_01_b"
version = "0.1.0"

[[package]]
name = "ex_02_02_a"
version = "0.1.0"

[[package]]
name = "ex_02_03_a"
version = "0.1.0"

[[package]]
name = "ex_02_03_b"
version = "0.1.0"

[[package]]
name = "ex_02_04_a"
version = "0.1.0"
dependencies = [
 "anyhow",
]

[[package]]
name = "ex_03_01_a"
version = "0.1.0"

[[package]]
name = "ex_03_01_b"
version = "0.1.0"

[[package]]
name = "ex_03_02_a"
version = "0.1.0"

[[package]]
name = "ex_03_02_b"
version = "0.1.0"

[[package]]
name = "ex_03_03_a"
version = "0.1.0"

[[package]]
name = "ex_03_03_b"
version = "0.1.0"
